# This file is automatically @generated by Poetry 2.0.1 and should not be changed by hand.

[[package]]
name = "my-private-dependency"
version = "0.1.0"
description = "A private dependency"
optional = true
python-versions = "*"
groups = ["main"]
markers = "extra == \"private\""
files = []
develop = false

[package.source]
type = "git"
url = "https://github.com/clytaemnestra/my-private-dependency.git"
reference = "HEAD"
resolved_reference = "ca17db76ce9799b2c514ec264176ccc73e07df9e"

[extras]
private = ["my-private-dependency"]

[metadata]
lock-version = "2.1"
python-versions = "^3.8"
content-hash = "39435992e7fb686bc92c9441f6ce58e2281f5f4fbbc80ed11bc594ccb8a81d08"
