# This file is automatically @generated by Poetry 2.0.1 and should not be changed by hand.

[[package]]
name = "dependency"
version = "0.1.0"
description = "A private dependency"
optional = true
python-versions = "*"
groups = ["main"]
markers = "extra == \"dependency\""
files = []
develop = false

[package.source]
type = "git"
url = "https://github.com/clytaemnestra/dependency.git"
reference = "HEAD"
resolved_reference = "ca17db76ce9799b2c514ec264176ccc73e07df9e"

[extras]
dependency = ["dependency"]

[metadata]
lock-version = "2.1"
python-versions = "^3.8"
content-hash = "b6fe6aee30d83a3eaaebdf5c7d25dab01a4961e9fb8c5ee0c2d6334021e3552e"
